
Microsoft Visual Studio Solution File, Format Version 12.00
# Visual Studio 15
VisualStudioVersion = 15.0.27703.2000
MinimumVisualStudioVersion = 10.0.40219.1
Project("{FAE04EC0-301F-11D3-BF4B-00C04F79EFBC}") = "VehicleTDD", "VehicleTDD\VehicleTDD.csproj", "{C60C3F0C-4311-4946-92A2-E7E1E367E47B}"
EndProject
Project("{FAE04EC0-301F-11D3-BF4B-00C04F79EFBC}") = "VehicleTDD.Test", "VehicleTDD.Test\VehicleTDD.Test.csproj", "{08EADE30-E629-45A4-A4EF-C27767D99967}"
EndProject
Global
	GlobalSection(SolutionConfigurationPlatforms) = preSolution
		Debug|Any CPU = Debug|Any CPU
		Release|Any CPU = Release|Any CPU
	EndGlobalSection
	GlobalSection(ProjectConfigurationPlatforms) = postSolution
		{C60C3F0C-4311-4946-92A2-E7E1E367E47B}.Debug|Any CPU.ActiveCfg = Debug|Any CPU
		{C60C3F0C-4311-4946-92A2-E7E1E367E47B}.Debug|Any CPU.Build.0 = Debug|Any CPU
		{C60C3F0C-4311-4946-92A2-E7E1E367E47B}.Release|Any CPU.ActiveCfg = Release|Any CPU
		{C60C3F0C-4311-4946-92A2-E7E1E367E47B}.Release|Any CPU.Build.0 = Release|Any CPU
		{08EADE30-E629-45A4-A4EF-C27767D99967}.Debug|Any CPU.ActiveCfg = Debug|Any CPU
		{08EADE30-E629-45A4-A4EF-C27767D99967}.Debug|Any CPU.Build.0 = Debug|Any CPU
		{08EADE30-E629-45A4-A4EF-C27767D99967}.Release|Any CPU.ActiveCfg = Release|Any CPU
		{08EADE30-E629-45A4-A4EF-C27767D99967}.Release|Any CPU.Build.0 = Release|Any CPU
	EndGlobalSection
	GlobalSection(SolutionProperties) = preSolution
		HideSolutionNode = FALSE
	EndGlobalSection
	GlobalSection(ExtensibilityGlobals) = postSolution
		SolutionGuid = {731A3EEE-6E90-4174-A5DB-85ACB73CB68F}
	EndGlobalSection
EndGlobal
